// !$*UTF8*$!
{
	archiveVersion = 1;
	classes = {
	};
	objectVersion = 50;
	objects = {

/* Begin PBXBuildFile section */
		EF53D7F52213E384002CB85B /* AppDelegate.swift in Sources */ = {isa = PBXBuildFile; fileRef = EF53D7F42213E384002CB85B /* AppDelegate.swift */; };
		EF53D7F72213E384002CB85B /* ViewController.swift in Sources */ = {isa = PBXBuildFile; fileRef = EF53D7F62213E384002CB85B /* ViewController.swift */; };
		EF53D7FA2213E384002CB85B /* Main.storyboard in Resources */ = {isa = PBXBuildFile; fileRef = EF53D7F82213E384002CB85B /* Main.storyboard */; };
		EF53D7FD2213E384002CB85B /* Person_UI.xcdatamodeld in Sources */ = {isa = PBXBuildFile; fileRef = EF53D7FB2213E384002CB85B /* Person_UI.xcdatamodeld */; };
		EF53D7FF2213E385002CB85B /* Assets.xcassets in Resources */ = {isa = PBXBuildFile; fileRef = EF53D7FE2213E385002CB85B /* Assets.xcassets */; };
		EF53D8022213E385002CB85B /* LaunchScreen.storyboard in Resources */ = {isa = PBXBuildFile; fileRef = EF53D8002213E385002CB85B /* LaunchScreen.storyboard */; };
		EF53D80D2213E386002CB85B /* Person_UIUITests.swift in Sources */ = {isa = PBXBuildFile; fileRef = EF53D80C2213E386002CB85B /* Person_UIUITests.swift */; };
/* End PBXBuildFile section */

/* Begin PBXContainerItemProxy section */
		EF53D8092213E386002CB85B /* PBXContainerItemProxy */ = {
			isa = PBXContainerItemProxy;
			containerPortal = EF53D7E92213E384002CB85B /* Project object */;
			proxyType = 1;
			remoteGlobalIDString = EF53D7F02213E384002CB85B;
			remoteInfo = "Person UI";
		};
/* End PBXContainerItemProxy section */

/* Begin PBXFileReference section */
		EF53D7F12213E384002CB85B /* Person UI.app */ = {isa = PBXFileReference; explicitFileType = wrapper.application; includeInIndex = 0; path = "Person UI.app"; sourceTree = BUILT_PRODUCTS_DIR; };
		EF53D7F42213E384002CB85B /* AppDelegate.swift */ = {isa = PBXFileReference; lastKnownFileType = sourcecode.swift; path = AppDelegate.swift; sourceTree = "<group>"; };
		EF53D7F62213E384002CB85B /* ViewController.swift */ = {isa = PBXFileReference; lastKnownFileType = sourcecode.swift; path = ViewController.swift; sourceTree = "<group>"; };
		EF53D7F92213E384002CB85B /* Base */ = {isa = PBXFileReference; lastKnownFileType = file.storyboard; name = Base; path = Base.lproj/Main.storyboard; sourceTree = "<group>"; };
		EF53D7FC2213E384002CB85B /* Person_UI.xcdatamodel */ = {isa = PBXFileReference; lastKnownFileType = wrapper.xcdatamodel; path = Person_UI.xcdatamodel; sourceTree = "<group>"; };
		EF53D7FE2213E385002CB85B /* Assets.xcassets */ = {isa = PBXFileReference; lastKnownFileType = folder.assetcatalog; path = Assets.xcassets; sourceTree = "<group>"; };
		EF53D8012213E385002CB85B /* Base */ = {isa = PBXFileReference; lastKnownFileType = file.storyboard; name = Base; path = Base.lproj/LaunchScreen.storyboard; sourceTree = "<group>"; };
		EF53D8032213E385002CB85B /* Info.plist */ = {isa = PBXFileReference; lastKnownFileType = text.plist.xml; path = Info.plist; sourceTree = "<group>"; };
		EF53D8082213E386002CB85B /* Person UIUITests.xctest */ = {isa = PBXFileReference; explicitFileType = wrapper.cfbundle; includeInIndex = 0; path = "Person UIUITests.xctest"; sourceTree = BUILT_PRODUCTS_DIR; };
		EF53D80C2213E386002CB85B /* Person_UIUITests.swift */ = {isa = PBXFileReference; lastKnownFileType = sourcecode.swift; path = Person_UIUITests.swift; sourceTree = "<group>"; };
		EF53D80E2213E386002CB85B /* Info.plist */ = {isa = PBXFileReference; lastKnownFileType = text.plist.xml; path = Info.plist; sourceTree = "<group>"; };
/* End PBXFileReference section */

/* Begin PBXFrameworksBuildPhase section */
		EF53D7EE2213E384002CB85B /* Frameworks */ = {
			isa = PBXFrameworksBuildPhase;
			buildActionMask = 2147483647;
			files = (
			);
			runOnlyForDeploymentPostprocessing = 0;
		};
		EF53D8052213E386002CB85B /* Frameworks */ = {
			isa = PBXFrameworksBuildPhase;
			buildActionMask = 2147483647;
			files = (
			);
			runOnlyForDeploymentPostprocessing = 0;
		};
/* End PBXFrameworksBuildPhase section */

/* Begin PBXGroup section */
		EF53D7E82213E384002CB85B = {
			isa = PBXGroup;
			children = (
				EF53D7F32213E384002CB85B /* Person UI */,
				EF53D80B2213E386002CB85B /* Person UIUITests */,
				EF53D7F22213E384002CB85B /* Products */,
			);
			sourceTree = "<group>";
		};
		EF53D7F22213E384002CB85B /* Products */ = {
			isa = PBXGroup;
			children = (
				EF53D7F12213E384002CB85B /* Person UI.app */,
				EF53D8082213E386002CB85B /* Person UIUITests.xctest */,
			);
			name = Products;
			sourceTree = "<group>";
		};
		EF53D7F32213E384002CB85B /* Person UI */ = {
			isa = PBXGroup;
			children = (
				EF53D7F42213E384002CB85B /* AppDelegate.swift */,
				EF53D7F62213E384002CB85B /* ViewController.swift */,
				EF53D7F82213E384002CB85B /* Main.storyboard */,
				EF53D7FE2213E385002CB85B /* Assets.xcassets */,
				EF53D8002213E385002CB85B /* LaunchScreen.storyboard */,
				EF53D8032213E385002CB85B /* Info.plist */,
				EF53D7FB2213E384002CB85B /* Person_UI.xcdatamodeld */,
			);
			path = "Person UI";
			sourceTree = "<group>";
		};
		EF53D80B2213E386002CB85B /* Person UIUITests */ = {
			isa = PBXGroup;
			children = (
				EF53D80C2213E386002CB85B /* Person_UIUITests.swift */,
				EF53D80E2213E386002CB85B /* Info.plist */,
			);
			path = "Person UIUITests";
			sourceTree = "<group>";
		};
/* End PBXGroup section */

/* Begin PBXNativeTarget section */
		EF53D7F02213E384002CB85B /* Person UI */ = {
			isa = PBXNativeTarget;
			buildConfigurationList = EF53D8112213E386002CB85B /* Build configuration list for PBXNativeTarget "Person UI" */;
			buildPhases = (
				EF53D7ED2213E384002CB85B /* Sources */,
				EF53D7EE2213E384002CB85B /* Frameworks */,
				EF53D7EF2213E384002CB85B /* Resources */,
			);
			buildRules = (
			);
			dependencies = (
			);
			name = "Person UI";
			productName = "Person UI";
			productReference = EF53D7F12213E384002CB85B /* Person UI.app */;
			productType = "com.apple.product-type.application";
		};
		EF53D8072213E386002CB85B /* Person UIUITests */ = {
			isa = PBXNativeTarget;
			buildConfigurationList = EF53D8142213E386002CB85B /* Build configuration list for PBXNativeTarget "Person UIUITests" */;
			buildPhases = (
				EF53D8042213E386002CB85B /* Sources */,
				EF53D8052213E386002CB85B /* Frameworks */,
				EF53D8062213E386002CB85B /* Resources */,
			);
			buildRules = (
			);
			dependencies = (
				EF53D80A2213E386002CB85B /* PBXTargetDependency */,
			);
			name = "Person UIUITests";
			productName = "Person UIUITests";
			productReference = EF53D8082213E386002CB85B /* Person UIUITests.xctest */;
			productType = "com.apple.product-type.bundle.ui-testing";
		};
/* End PBXNativeTarget section */

/* Begin PBXProject section */
		EF53D7E92213E384002CB85B /* Project object */ = {
			isa = PBXProject;
			attributes = {
				LastSwiftUpdateCheck = 1010;
				LastUpgradeCheck = 1010;
				ORGANIZATIONNAME = "Nicole Dillon";
				TargetAttributes = {
					EF53D7F02213E384002CB85B = {
						CreatedOnToolsVersion = 10.1;
					};
					EF53D8072213E386002CB85B = {
						CreatedOnToolsVersion = 10.1;
						TestTargetID = EF53D7F02213E384002CB85B;
					};
				};
			};
			buildConfigurationList = EF53D7EC2213E384002CB85B /* Build configuration list for PBXProject "Person UI" */;
			compatibilityVersion = "Xcode 9.3";
			developmentRegion = en;
			hasScannedForEncodings = 0;
			knownRegions = (
				en,
				Base,
			);
			mainGroup = EF53D7E82213E384002CB85B;
			productRefGroup = EF53D7F22213E384002CB85B /* Products */;
			projectDirPath = "";
			projectRoot = "";
			targets = (
				EF53D7F02213E384002CB85B /* Person UI */,
				EF53D8072213E386002CB85B /* Person UIUITests */,
			);
		};
/* End PBXProject section */

/* Begin PBXResourcesBuildPhase section */
		EF53D7EF2213E384002CB85B /* Resources */ = {
			isa = PBXResourcesBuildPhase;
			buildActionMask = 2147483647;
			files = (
				EF53D8022213E385002CB85B /* LaunchScreen.storyboard in Resources */,
				EF53D7FF2213E385002CB85B /* Assets.xcassets in Resources */,
				EF53D7FA2213E384002CB85B /* Main.storyboard in Resources */,
			);
			runOnlyForDeploymentPostprocessing = 0;
		};
		EF53D8062213E386002CB85B /* Resources */ = {
			isa = PBXResourcesBuildPhase;
			buildActionMask = 2147483647;
			files = (
			);
			runOnlyForDeploymentPostprocessing = 0;
		};
/* End PBXResourcesBuildPhase section */

/* Begin PBXSourcesBuildPhase section */
		EF53D7ED2213E384002CB85B /* Sources */ = {
			isa = PBXSourcesBuildPhase;
			buildActionMask = 2147483647;
			files = (
				EF53D7FD2213E384002CB85B /* Person_UI.xcdatamodeld in Sources */,
				EF53D7F72213E384002CB85B /* ViewController.swift in Sources */,
				EF53D7F52213E384002CB85B /* AppDelegate.swift in Sources */,
			);
			runOnlyForDeploymentPostprocessing = 0;
		};
		EF53D8042213E386002CB85B /* Sources */ = {
			isa = PBXSourcesBuildPhase;
			buildActionMask = 2147483647;
			files = (
				EF53D80D2213E386002CB85B /* Person_UIUITests.swift in Sources */,
			);
			runOnlyForDeploymentPostprocessing = 0;
		};
/* End PBXSourcesBuildPhase section */

/* Begin PBXTargetDependency section */
		EF53D80A2213E386002CB85B /* PBXTargetDependency */ = {
			isa = PBXTargetDependency;
			target = EF53D7F02213E384002CB85B /* Person UI */;
			targetProxy = EF53D8092213E386002CB85B /* PBXContainerItemProxy */;
		};
/* End PBXTargetDependency section */

/* Begin PBXVariantGroup section */
		EF53D7F82213E384002CB85B /* Main.storyboard */ = {
			isa = PBXVariantGroup;
			children = (
				EF53D7F92213E384002CB85B /* Base */,
			);
			name = Main.storyboard;
			sourceTree = "<group>";
		};
		EF53D8002213E385002CB85B /* LaunchScreen.storyboard */ = {
			isa = PBXVariantGroup;
			children = (
				EF53D8012213E385002CB85B /* Base */,
			);
			name = LaunchScreen.storyboard;
			sourceTree = "<group>";
		};
/* End PBXVariantGroup section */

/* Begin XCBuildConfiguration section */
		EF53D80F2213E386002CB85B /* Debug */ = {
			isa = XCBuildConfiguration;
			buildSettings = {
				ALWAYS_SEARCH_USER_PATHS = NO;
				CLANG_ANALYZER_NONNULL = YES;
				CLANG_ANALYZER_NUMBER_OBJECT_CONVERSION = YES_AGGRESSIVE;
				CLANG_CXX_LANGUAGE_STANDARD = "gnu++14";
				CLANG_CXX_LIBRARY = "libc++";
				CLANG_ENABLE_MODULES = YES;
				CLANG_ENABLE_OBJC_ARC = YES;
				CLANG_ENABLE_OBJC_WEAK = YES;
				CLANG_WARN_BLOCK_CAPTURE_AUTORELEASING = YES;
				CLANG_WARN_BOOL_CONVERSION = YES;
				CLANG_WARN_COMMA = YES;
				CLANG_WARN_CONSTANT_CONVERSION = YES;
				CLANG_WARN_DEPRECATED_OBJC_IMPLEMENTATIONS = YES;
				CLANG_WARN_DIRECT_OBJC_ISA_USAGE = YES_ERROR;
				CLANG_WARN_DOCUMENTATION_COMMENTS = YES;
				CLANG_WARN_EMPTY_BODY = YES;
				CLANG_WARN_ENUM_CONVERSION = YES;
				CLANG_WARN_INFINITE_RECURSION = YES;
				CLANG_WARN_INT_CONVERSION = YES;
				CLANG_WARN_NON_LITERAL_NULL_CONVERSION = YES;
				CLANG_WARN_OBJC_IMPLICIT_RETAIN_SELF = YES;
				CLANG_WARN_OBJC_LITERAL_CONVERSION = YES;
				CLANG_WARN_OBJC_ROOT_CLASS = YES_ERROR;
				CLANG_WARN_RANGE_LOOP_ANALYSIS = YES;
				CLANG_WARN_STRICT_PROTOTYPES = YES;
				CLANG_WARN_SUSPICIOUS_MOVE = YES;
				CLANG_WARN_UNGUARDED_AVAILABILITY = YES_AGGRESSIVE;
				CLANG_WARN_UNREACHABLE_CODE = YES;
				CLANG_WARN__DUPLICATE_METHOD_MATCH = YES;
				CODE_SIGN_IDENTITY = "iPhone Developer";
				COPY_PHASE_STRIP = NO;
				DEBUG_INFORMATION_FORMAT = dwarf;
				ENABLE_STRICT_OBJC_MSGSEND = YES;
				ENABLE_TESTABILITY = YES;
				GCC_C_LANGUAGE_STANDARD = gnu11;
				GCC_DYNAMIC_NO_PIC = NO;
				GCC_NO_COMMON_BLOCKS = YES;
				GCC_OPTIMIZATION_LEVEL = 0;
				GCC_PREPROCESSOR_DEFINITIONS = (
					"DEBUG=1",
					"$(inherited)",
				);
				GCC_WARN_64_TO_32_BIT_CONVERSION = YES;
				GCC_WARN_ABOUT_RETURN_TYPE = YES_ERROR;
				GCC_WARN_UNDECLARED_SELECTOR = YES;
				GCC_WARN_UNINITIALIZED_AUTOS = YES_AGGRESSIVE;
				GCC_WARN_UNUSED_FUNCTION = YES;
				GCC_WARN_UNUSED_VARIABLE = YES;
				IPHONEOS_DEPLOYMENT_TARGET = 12.1;
				MTL_ENABLE_DEBUG_INFO = INCLUDE_SOURCE;
				MTL_FAST_MATH = YES;
				ONLY_ACTIVE_ARCH = YES;
				SDKROOT = iphoneos;
				SWIFT_ACTIVE_COMPILATION_CONDITIONS = DEBUG;
				SWIFT_OPTIMIZATION_LEVEL = "-Onone";
			};
			name = Debug;
		};
		EF53D8102213E386002CB85B /* Release */ = {
			isa = XCBuildConfiguration;
			buildSettings = {
				ALWAYS_SEARCH_USER_PATHS = NO;
				CLANG_ANALYZER_NONNULL = YES;
				CLANG_ANALYZER_NUMBER_OBJECT_CONVERSION = YES_AGGRESSIVE;
				CLANG_CXX_LANGUAGE_STANDARD = "gnu++14";
				CLANG_CXX_LIBRARY = "libc++";
				CLANG_ENABLE_MODULES = YES;
				CLANG_ENABLE_OBJC_ARC = YES;
				CLANG_ENABLE_OBJC_WEAK = YES;
				CLANG_WARN_BLOCK_CAPTURE_AUTORELEASING = YES;
				CLANG_WARN_BOOL_CONVERSION = YES;
				CLANG_WARN_COMMA = YES;
				CLANG_WARN_CONSTANT_CONVERSION = YES;
				CLANG_WARN_DEPRECATED_OBJC_IMPLEMENTATIONS = YES;
				CLANG_WARN_DIRECT_OBJC_ISA_USAGE = YES_ERROR;
				CLANG_WARN_DOCUMENTATION_COMMENTS = YES;
				CLANG_WARN_EMPTY_BODY = YES;
				CLANG_WARN_ENUM_CONVERSION = YES;
				CLANG_WARN_INFINITE_RECURSION = YES;
				CLANG_WARN_INT_CONVERSION = YES;
				CLANG_WARN_NON_LITERAL_NULL_CONVERSION = YES;
				CLANG_WARN_OBJC_IMPLICIT_RETAIN_SELF = YES;
				CLANG_WARN_OBJC_LITERAL_CONVERSION = YES;
				CLANG_WARN_OBJC_ROOT_CLASS = YES_ERROR;
				CLANG_WARN_RANGE_LOOP_ANALYSIS = YES;
				CLANG_WARN_STRICT_PROTOTYPES = YES;
				CLANG_WARN_SUSPICIOUS_MOVE = YES;
				CLANG_WARN_UNGUARDED_AVAILABILITY = YES_AGGRESSIVE;
				CLANG_WARN_UNREACHABLE_CODE = YES;
				CLANG_WARN__DUPLICATE_METHOD_MATCH = YES;
				CODE_SIGN_IDENTITY = "iPhone Developer";
				COPY_PHASE_STRIP = NO;
				DEBUG_INFORMATION_FORMAT = "dwarf-with-dsym";
				ENABLE_NS_ASSERTIONS = NO;
				ENABLE_STRICT_OBJC_MSGSEND = YES;
				GCC_C_LANGUAGE_STANDARD = gnu11;
				GCC_NO_COMMON_BLOCKS = YES;
				GCC_WARN_64_TO_32_BIT_CONVERSION = YES;
				GCC_WARN_ABOUT_RETURN_TYPE = YES_ERROR;
				GCC_WARN_UNDECLARED_SELECTOR = YES;
				GCC_WARN_UNINITIALIZED_AUTOS = YES_AGGRESSIVE;
				GCC_WARN_UNUSED_FUNCTION = YES;
				GCC_WARN_UNUSED_VARIABLE = YES;
				IPHONEOS_DEPLOYMENT_TARGET = 12.1;
				MTL_ENABLE_DEBUG_INFO = NO;
				MTL_FAST_MATH = YES;
				SDKROOT = iphoneos;
				SWIFT_COMPILATION_MODE = wholemodule;
				SWIFT_OPTIMIZATION_LEVEL = "-O";
				VALIDATE_PRODUCT = YES;
			};
			name = Release;
		};
		EF53D8122213E386002CB85B /* Debug */ = {
			isa = XCBuildConfiguration;
			buildSettings = {
				ASSETCATALOG_COMPILER_APPICON_NAME = AppIcon;
				CODE_SIGN_STYLE = Automatic;
				DEVELOPMENT_TEAM = 7WN4DA28AR;
				INFOPLIST_FILE = "Person UI/Info.plist";
				LD_RUNPATH_SEARCH_PATHS = (
					"$(inherited)",
					"@executable_path/Frameworks",
				);
				PRODUCT_BUNDLE_IDENTIFIER = "edu.missouri.Person-UI";
				PRODUCT_NAME = "$(TARGET_NAME)";
				SWIFT_VERSION = 4.2;
				TARGETED_DEVICE_FAMILY = "1,2";
			};
			name = Debug;
		};
		EF53D8132213E386002CB85B /* Release */ = {
			isa = XCBuildConfiguration;
			buildSettings = {
				ASSETCATALOG_COMPILER_APPICON_NAME = AppIcon;
				CODE_SIGN_STYLE = Automatic;
				DEVELOPMENT_TEAM = 7WN4DA28AR;
				INFOPLIST_FILE = "Person UI/Info.plist";
				LD_RUNPATH_SEARCH_PATHS = (
					"$(inherited)",
					"@executable_path/Frameworks",
				);
				PRODUCT_BUNDLE_IDENTIFIER = "edu.missouri.Person-UI";
				PRODUCT_NAME = "$(TARGET_NAME)";
				SWIFT_VERSION = 4.2;
				TARGETED_DEVICE_FAMILY = "1,2";
			};
			name = Release;
		};
		EF53D8152213E386002CB85B /* Debug */ = {
			isa = XCBuildConfiguration;
			buildSettings = {
				ALWAYS_EMBED_SWIFT_STANDARD_LIBRARIES = YES;
				CODE_SIGN_STYLE = Automatic;
				DEVELOPMENT_TEAM = 7WN4DA28AR;
				INFOPLIST_FILE = "Person UIUITests/Info.plist";
				LD_RUNPATH_SEARCH_PATHS = (
					"$(inherited)",
					"@executable_path/Frameworks",
					"@loader_path/Frameworks",
				);
				PRODUCT_BUNDLE_IDENTIFIER = "edu.missouri.Person-UIUITests";
				PRODUCT_NAME = "$(TARGET_NAME)";
				SWIFT_VERSION = 4.2;
				TARGETED_DEVICE_FAMILY = "1,2";
				TEST_TARGET_NAME = "Person UI";
			};
			name = Debug;
		};
		EF53D8162213E386002CB85B /* Release */ = {
			isa = XCBuildConfiguration;
			buildSettings = {
				ALWAYS_EMBED_SWIFT_STANDARD_LIBRARIES = YES;
				CODE_SIGN_STYLE = Automatic;
				DEVELOPMENT_TEAM = 7WN4DA28AR;
				INFOPLIST_FILE = "Person UIUITests/Info.plist";
				LD_RUNPATH_SEARCH_PATHS = (
					"$(inherited)",
					"@executable_path/Frameworks",
					"@loader_path/Frameworks",
				);
				PRODUCT_BUNDLE_IDENTIFIER = "edu.missouri.Person-UIUITests";
				PRODUCT_NAME = "$(TARGET_NAME)";
				SWIFT_VERSION = 4.2;
				TARGETED_DEVICE_FAMILY = "1,2";
				TEST_TARGET_NAME = "Person UI";
			};
			name = Release;
		};
/* End XCBuildConfiguration section */

/* Begin XCConfigurationList section */
		EF53D7EC2213E384002CB85B /* Build configuration list for PBXProject "Person UI" */ = {
			isa = XCConfigurationList;
			buildConfigurations = (
				EF53D80F2213E386002CB85B /* Debug */,
				EF53D8102213E386002CB85B /* Release */,
			);
			defaultConfigurationIsVisible = 0;
			defaultConfigurationName = Release;
		};
		EF53D8112213E386002CB85B /* Build configuration list for PBXNativeTarget "Person UI" */ = {
			isa = XCConfigurationList;
			buildConfigurations = (
				EF53D8122213E386002CB85B /* Debug */,
				EF53D8132213E386002CB85B /* Release */,
			);
			defaultConfigurationIsVisible = 0;
			defaultConfigurationName = Release;
		};
		EF53D8142213E386002CB85B /* Build configuration list for PBXNativeTarget "Person UIUITests" */ = {
			isa = XCConfigurationList;
			buildConfigurations = (
				EF53D8152213E386002CB85B /* Debug */,
				EF53D8162213E386002CB85B /* Release */,
			);
			defaultConfigurationIsVisible = 0;
			defaultConfigurationName = Release;
		};
/* End XCConfigurationList section */

/* Begin XCVersionGroup section */
		EF53D7FB2213E384002CB85B /* Person_UI.xcdatamodeld */ = {
			isa = XCVersionGroup;
			children = (
				EF53D7FC2213E384002CB85B /* Person_UI.xcdatamodel */,
			);
			currentVersion = EF53D7FC2213E384002CB85B /* Person_UI.xcdatamodel */;
			path = Person_UI.xcdatamodeld;
			sourceTree = "<group>";
			versionGroupType = wrapper.xcdatamodel;
		};
/* End XCVersionGroup section */
	};
	rootObject = EF53D7E92213E384002CB85B /* Project object */;
}
